
Microsoft Visual Studio Solution File, Format Version 10.00
# Visual Studio 2008
Project("{E24C65DC-7377-472B-9ABA-BC803B73C61A}") = "LibraryMS", "..\LibraryMS", "{18676633-3598-45F6-81DE-4428568FF3AB}"
	ProjectSection(WebsiteProperties) = preProject
		TargetFramework = "3.5"
		Debug.AspNetCompiler.VirtualPath = "/LibraryMS"
		Debug.AspNetCompiler.PhysicalPath = "..\LibraryMS\"
		Debug.AspNetCompiler.TargetPath = "PrecompiledWeb\LibraryMS\"
		Debug.AspNetCompiler.Updateable = "true"
		Debug.AspNetCompiler.ForceOverwrite = "true"
		Debug.AspNetCompiler.FixedNames = "false"
		Debug.AspNetCompiler.Debug = "True"
		Release.AspNetCompiler.VirtualPath = "/LibraryMS"
		Release.AspNetCompiler.PhysicalPath = "..\LibraryMS\"
		Release.AspNetCompiler.TargetPath = "PrecompiledWeb\LibraryMS\"
		Release.AspNetCompiler.Updateable = "true"
		Release.AspNetCompiler.ForceOverwrite = "true"
		Release.AspNetCompiler.FixedNames = "false"
		Release.AspNetCompiler.Debug = "False"
		VWDPort = "1031"
	EndProjectSection
EndProject
Global
	GlobalSection(SolutionConfigurationPlatforms) = preSolution
		Debug|Any CPU = Debug|Any CPU
	EndGlobalSection
	GlobalSection(ProjectConfigurationPlatforms) = postSolution
		{18676633-3598-45F6-81DE-4428568FF3AB}.Debug|Any CPU.ActiveCfg = Debug|Any CPU
		{18676633-3598-45F6-81DE-4428568FF3AB}.Debug|Any CPU.Build.0 = Debug|Any CPU
	EndGlobalSection
	GlobalSection(SolutionProperties) = preSolution
		HideSolutionNode = FALSE
	EndGlobalSection
EndGlobal
